
Microsoft Visual Studio Solution File, Format Version 12.00
# Visual Studio 2013
VisualStudioVersion = 12.0.21005.1
MinimumVisualStudioVersion = 10.0.40219.1
Project("{8BC9CEB8-8B4A-11D0-8D11-00A0C91BC942}") = "Arrays", "..\Arrays\Arrays.vcxproj", "{D89DD127-694A-4E4F-95E3-DB3B1713E933}"
EndProject
Project("{8BC9CEB8-8B4A-11D0-8D11-00A0C91BC942}") = "Pointers", "Pointers.vcxproj", "{FD1B020E-FC15-4639-8278-A95A5CD5C4C4}"
EndProject
Global
	GlobalSection(SolutionConfigurationPlatforms) = preSolution
		Debug|Win32 = Debug|Win32
		Release|Win32 = Release|Win32
	EndGlobalSection
	GlobalSection(ProjectConfigurationPlatforms) = postSolution
		{D89DD127-694A-4E4F-95E3-DB3B1713E933}.Debug|Win32.ActiveCfg = Debug|Win32
		{D89DD127-694A-4E4F-95E3-DB3B1713E933}.Debug|Win32.Build.0 = Debug|Win32
		{D89DD127-694A-4E4F-95E3-DB3B1713E933}.Release|Win32.ActiveCfg = Release|Win32
		{D89DD127-694A-4E4F-95E3-DB3B1713E933}.Release|Win32.Build.0 = Release|Win32
		{FD1B020E-FC15-4639-8278-A95A5CD5C4C4}.Debug|Win32.ActiveCfg = Debug|Win32
		{FD1B020E-FC15-4639-8278-A95A5CD5C4C4}.Debug|Win32.Build.0 = Debug|Win32
		{FD1B020E-FC15-4639-8278-A95A5CD5C4C4}.Release|Win32.ActiveCfg = Release|Win32
		{FD1B020E-FC15-4639-8278-A95A5CD5C4C4}.Release|Win32.Build.0 = Release|Win32
	EndGlobalSection
	GlobalSection(SolutionProperties) = preSolution
		HideSolutionNode = FALSE
	EndGlobalSection
EndGlobal
