
Microsoft Visual Studio Solution File, Format Version 12.00
# Visual Studio 15
VisualStudioVersion = 15.0.28307.1145
MinimumVisualStudioVersion = 10.0.40219.1
Project("{8BC9CEB8-8B4A-11D0-8D11-00A0C91BC942}") = "Vector", "Vector\Vector.vcxproj", "{D715443D-10F8-40FE-8FCE-5CA098DE95BF}"
EndProject
Global
	GlobalSection(SolutionConfigurationPlatforms) = preSolution
		Debug|Win32 = Debug|Win32
		Debug|x64 = Debug|x64
		Release|Win32 = Release|Win32
		Release|x64 = Release|x64
	EndGlobalSection
	GlobalSection(ProjectConfigurationPlatforms) = postSolution
		{D715443D-10F8-40FE-8FCE-5CA098DE95BF}.Debug|Win32.ActiveCfg = Debug|Win32
		{D715443D-10F8-40FE-8FCE-5CA098DE95BF}.Debug|Win32.Build.0 = Debug|Win32
		{D715443D-10F8-40FE-8FCE-5CA098DE95BF}.Debug|x64.ActiveCfg = Debug|x64
		{D715443D-10F8-40FE-8FCE-5CA098DE95BF}.Debug|x64.Build.0 = Debug|x64
		{D715443D-10F8-40FE-8FCE-5CA098DE95BF}.Release|Win32.ActiveCfg = Release|Win32
		{D715443D-10F8-40FE-8FCE-5CA098DE95BF}.Release|Win32.Build.0 = Release|Win32
		{D715443D-10F8-40FE-8FCE-5CA098DE95BF}.Release|x64.ActiveCfg = Release|x64
		{D715443D-10F8-40FE-8FCE-5CA098DE95BF}.Release|x64.Build.0 = Release|x64
	EndGlobalSection
	GlobalSection(SolutionProperties) = preSolution
		HideSolutionNode = FALSE
	EndGlobalSection
	GlobalSection(ExtensibilityGlobals) = postSolution
		SolutionGuid = {DC998264-A771-4A70-9F56-43EFDFCBB7AB}
	EndGlobalSection
EndGlobal
